{
  "name": "BancoDeDadosNaoRelacional",
  "lockfileVersion": 3,
  "requires": true,
  "packages": {
    "": {
      "dependencies": {
        "datenv": "^0.0.0"
      }
    },
    "node_modules/datenv": {
      "version": "0.0.0",
      "resolved": "https://registry.npmjs.org/datenv/-/datenv-0.0.0.tgz",
      "integrity": "sha512-/MXVAi7SQJr0aZ44N6mmgJWVoYOj6nxCtirFn53ujWYu2HClsXrnQz+9AVgCoAkx6Z1zSo1C7lbqOIjE5E22ag=="
    }
  }
}
